// !$*UTF8*$!
{
	archiveVersion = 1;
	classes = {};
	objectVersion = 77;
	objects = {

/* Begin PBXBuildFile section */
		A00000000000000000000101 /* BitOSApp.swift in Sources */ = {isa = PBXBuildFile; fileRef = A00000000000000000000201 /* BitOSApp.swift */; };
		A00000000000000000000102 /* AppEnvironment.swift in Sources */ = {isa = PBXBuildFile; fileRef = A00000000000000000000202 /* AppEnvironment.swift */; };
		A00000000000000000000103 /* RootView.swift in Sources */ = {isa = PBXBuildFile; fileRef = A00000000000000000000203 /* RootView.swift */; };
		A00000000000000000000104 /* BitOSTheme.swift in Sources */ = {isa = PBXBuildFile; fileRef = A00000000000000000000204 /* BitOSTheme.swift */; };
		A00000000000000000000105 /* HomeView.swift in Sources */ = {isa = PBXBuildFile; fileRef = A00000000000000000000205 /* HomeView.swift */; };
		A00000000000000000000106 /* DiscoverView.swift in Sources */ = {isa = PBXBuildFile; fileRef = A00000000000000000000206 /* DiscoverView.swift */; };
		A00000000000000000000107 /* CreateView.swift in Sources */ = {isa = PBXBuildFile; fileRef = A00000000000000000000207 /* CreateView.swift */; };
		A00000000000000000000108 /* InboxView.swift in Sources */ = {isa = PBXBuildFile; fileRef = A00000000000000000000208 /* InboxView.swift */; };
		A00000000000000000000109 /* ProfileView.swift in Sources */ = {isa = PBXBuildFile; fileRef = A00000000000000000000209 /* ProfileView.swift */; };
		A0000000000000000000010A /* BusinessCoreClient.swift in Sources */ = {isa = PBXBuildFile; fileRef = A0000000000000000000020A /* BusinessCoreClient.swift */; };
		A0000000000000000000010B /* BusinessCoreClientTests.swift in Sources */ = {isa = PBXBuildFile; fileRef = A0000000000000000000020B /* BusinessCoreClientTests.swift */; };
/* End PBXBuildFile section */

/* Begin PBXContainerItemProxy section */
		A00000000000000000000301 /* PBXContainerItemProxy */ = {
			isa = PBXContainerItemProxy;
			containerPortal = A00000000000000000000401 /* Project object */;
			proxyType = 1;
			remoteGlobalIDString = A00000000000000000000501;
			remoteInfo = BitOS;
		};
/* End PBXContainerItemProxy section */

/* Begin PBXFileReference section */
		A00000000000000000000201 /* BitOSApp.swift */ = {isa = PBXFileReference; lastKnownFileType = sourcecode.swift; path = App/BitOSApp.swift; sourceTree = "<group>"; };
		A00000000000000000000202 /* AppEnvironment.swift */ = {isa = PBXFileReference; lastKnownFileType = sourcecode.swift; path = App/AppEnvironment.swift; sourceTree = "<group>"; };
		A00000000000000000000203 /* RootView.swift */ = {isa = PBXFileReference; lastKnownFileType = sourcecode.swift; path = App/RootView.swift; sourceTree = "<group>"; };
		A00000000000000000000204 /* BitOSTheme.swift */ = {isa = PBXFileReference; lastKnownFileType = sourcecode.swift; path = DesignSystem/BitOSTheme.swift; sourceTree = "<group>"; };
		A00000000000000000000205 /* HomeView.swift */ = {isa = PBXFileReference; lastKnownFileType = sourcecode.swift; path = Features/Home/HomeView.swift; sourceTree = "<group>"; };
		A00000000000000000000206 /* DiscoverView.swift */ = {isa = PBXFileReference; lastKnownFileType = sourcecode.swift; path = Features/Discover/DiscoverView.swift; sourceTree = "<group>"; };
		A00000000000000000000207 /* CreateView.swift */ = {isa = PBXFileReference; lastKnownFileType = sourcecode.swift; path = Features/Create/CreateView.swift; sourceTree = "<group>"; };
		A00000000000000000000208 /* InboxView.swift */ = {isa = PBXFileReference; lastKnownFileType = sourcecode.swift; path = Features/Inbox/InboxView.swift; sourceTree = "<group>"; };
		A00000000000000000000209 /* ProfileView.swift */ = {isa = PBXFileReference; lastKnownFileType = sourcecode.swift; path = Features/Profile/ProfileView.swift; sourceTree = "<group>"; };
		A0000000000000000000020A /* BusinessCoreClient.swift */ = {isa = PBXFileReference; lastKnownFileType = sourcecode.swift; path = Platform/Business/BusinessCoreClient.swift; sourceTree = "<group>"; };
		A0000000000000000000020B /* BusinessCoreClientTests.swift */ = {isa = PBXFileReference; lastKnownFileType = sourcecode.swift; path = BusinessCoreClientTests.swift; sourceTree = "<group>"; };
		A0000000000000000000020C /* Info.plist */ = {isa = PBXFileReference; lastKnownFileType = text.plist.xml; path = Resources/Info.plist; sourceTree = "<group>"; };
		A0000000000000000000020D /* BitOS.app */ = {isa = PBXFileReference; explicitFileType = wrapper.application; includeInIndex = 0; path = BitOS.app; sourceTree = BUILT_PRODUCTS_DIR; };
		A0000000000000000000020E /* BitOSTests.xctest */ = {isa = PBXFileReference; explicitFileType = wrapper.cfbundle; includeInIndex = 0; path = BitOSTests.xctest; sourceTree = BUILT_PRODUCTS_DIR; };
/* End PBXFileReference section */

/* Begin PBXFrameworksBuildPhase section */
		A00000000000000000000601 /* Frameworks */ = {isa = PBXFrameworksBuildPhase; buildActionMask = 2147483647; files = (); runOnlyForDeploymentPostprocessing = 0; };
		A00000000000000000000602 /* Frameworks */ = {isa = PBXFrameworksBuildPhase; buildActionMask = 2147483647; files = (); runOnlyForDeploymentPostprocessing = 0; };
/* End PBXFrameworksBuildPhase section */

/* Begin PBXGroup section */
		A00000000000000000000701 = {
			isa = PBXGroup;
			children = (A00000000000000000000702 /* BitOS */, A00000000000000000000703 /* BitOSTests */, A00000000000000000000704 /* Products */);
			sourceTree = "<group>";
		};
		A00000000000000000000702 /* BitOS */ = {
			isa = PBXGroup;
			children = (
				A00000000000000000000201, A00000000000000000000202, A00000000000000000000203,
				A00000000000000000000204, A00000000000000000000205, A00000000000000000000206,
				A00000000000000000000207, A00000000000000000000208, A00000000000000000000209,
				A0000000000000000000020A, A0000000000000000000020C
			);
			path = BitOS;
			sourceTree = "<group>";
		};
		A00000000000000000000703 /* BitOSTests */ = {isa = PBXGroup; children = (A0000000000000000000020B); path = BitOSTests; sourceTree = "<group>"; };
		A00000000000000000000704 /* Products */ = {isa = PBXGroup; children = (A0000000000000000000020D, A0000000000000000000020E); name = Products; sourceTree = "<group>"; };
/* End PBXGroup section */

/* Begin PBXNativeTarget section */
		A00000000000000000000501 /* BitOS */ = {
			isa = PBXNativeTarget;
			buildConfigurationList = A00000000000000000000802;
			buildPhases = (A00000000000000000000901, A00000000000000000000601, A00000000000000000000903);
			buildRules = ();
			dependencies = ();
			name = BitOS;
			productName = BitOS;
			productReference = A0000000000000000000020D;
			productType = "com.apple.product-type.application";
		};
		A00000000000000000000502 /* BitOSTests */ = {
			isa = PBXNativeTarget;
			buildConfigurationList = A00000000000000000000803;
			buildPhases = (A00000000000000000000902, A00000000000000000000602, A00000000000000000000904);
			buildRules = ();
			dependencies = (A00000000000000000000A01);
			name = BitOSTests;
			productName = BitOSTests;
			productReference = A0000000000000000000020E;
			productType = "com.apple.product-type.bundle.unit-test";
		};
/* End PBXNativeTarget section */

/* Begin PBXProject section */
		A00000000000000000000401 /* Project object */ = {
			isa = PBXProject;
			attributes = {BuildIndependentTargetsInParallel = 1; LastSwiftUpdateCheck = 1610; LastUpgradeCheck = 1610; TargetAttributes = {A00000000000000000000501 = {CreatedOnToolsVersion = 16.1;}; A00000000000000000000502 = {CreatedOnToolsVersion = 16.1; TestTargetID = A00000000000000000000501;};};};
			buildConfigurationList = A00000000000000000000801;
			compatibilityVersion = "Xcode 16.0";
			developmentRegion = en;
			hasScannedForEncodings = 0;
			knownRegions = (en, Base);
			mainGroup = A00000000000000000000701;
			productRefGroup = A00000000000000000000704;
			projectDirPath = "";
			projectRoot = "";
			targets = (A00000000000000000000501, A00000000000000000000502);
		};
/* End PBXProject section */

/* Begin PBXResourcesBuildPhase section */
		A00000000000000000000903 /* Resources */ = {isa = PBXResourcesBuildPhase; buildActionMask = 2147483647; files = (); runOnlyForDeploymentPostprocessing = 0; };
		A00000000000000000000904 /* Resources */ = {isa = PBXResourcesBuildPhase; buildActionMask = 2147483647; files = (); runOnlyForDeploymentPostprocessing = 0; };
/* End PBXResourcesBuildPhase section */

/* Begin PBXSourcesBuildPhase section */
		A00000000000000000000901 /* Sources */ = {isa = PBXSourcesBuildPhase; buildActionMask = 2147483647; files = (A00000000000000000000101, A00000000000000000000102, A00000000000000000000103, A00000000000000000000104, A00000000000000000000105, A00000000000000000000106, A00000000000000000000107, A00000000000000000000108, A00000000000000000000109, A0000000000000000000010A); runOnlyForDeploymentPostprocessing = 0; };
		A00000000000000000000902 /* Sources */ = {isa = PBXSourcesBuildPhase; buildActionMask = 2147483647; files = (A0000000000000000000010B); runOnlyForDeploymentPostprocessing = 0; };
/* End PBXSourcesBuildPhase section */

/* Begin PBXTargetDependency section */
		A00000000000000000000A01 /* PBXTargetDependency */ = {isa = PBXTargetDependency; target = A00000000000000000000501; targetProxy = A00000000000000000000301; };
/* End PBXTargetDependency section */

/* Begin XCBuildConfiguration section */
		A00000000000000000000B01 /* Debug */ = {isa = XCBuildConfiguration; buildSettings = {CLANG_ENABLE_MODULES = YES; CLANG_ENABLE_OBJC_ARC = YES; DEBUG_INFORMATION_FORMAT = dwarf; ENABLE_TESTABILITY = YES; GCC_C_LANGUAGE_STANDARD = gnu17; GCC_OPTIMIZATION_LEVEL = 0; IPHONEOS_DEPLOYMENT_TARGET = 17.0; MTL_ENABLE_DEBUG_INFO = INCLUDE_SOURCE; ONLY_ACTIVE_ARCH = YES; SDKROOT = iphoneos; SWIFT_ACTIVE_COMPILATION_CONDITIONS = "DEBUG $(inherited)"; SWIFT_OPTIMIZATION_LEVEL = "-Onone";}; name = Debug; };
		A00000000000000000000B02 /* Release */ = {isa = XCBuildConfiguration; buildSettings = {CLANG_ENABLE_MODULES = YES; CLANG_ENABLE_OBJC_ARC = YES; DEBUG_INFORMATION_FORMAT = "dwarf-with-dsym"; GCC_C_LANGUAGE_STANDARD = gnu17; IPHONEOS_DEPLOYMENT_TARGET = 17.0; MTL_ENABLE_DEBUG_INFO = NO; SDKROOT = iphoneos; SWIFT_COMPILATION_MODE = wholemodule; SWIFT_OPTIMIZATION_LEVEL = "-O"; VALIDATE_PRODUCT = YES;}; name = Release; };
		A00000000000000000000B03 /* Debug */ = {isa = XCBuildConfiguration; buildSettings = {CODE_SIGN_STYLE = Automatic; CURRENT_PROJECT_VERSION = 1; DEVELOPMENT_TEAM = ""; GENERATE_INFOPLIST_FILE = NO; INFOPLIST_FILE = BitOS/Resources/Info.plist; MARKETING_VERSION = 0.1.0; PRODUCT_BUNDLE_IDENTIFIER = space.bitos.app; PRODUCT_NAME = "$(TARGET_NAME)"; SWIFT_EMIT_LOC_STRINGS = YES; SWIFT_STRICT_CONCURRENCY = complete; SWIFT_VERSION = 6.0; TARGETED_DEVICE_FAMILY = "1,2";}; name = Debug; };
		A00000000000000000000B04 /* Release */ = {isa = XCBuildConfiguration; buildSettings = {CODE_SIGN_STYLE = Automatic; CURRENT_PROJECT_VERSION = 1; DEVELOPMENT_TEAM = ""; GENERATE_INFOPLIST_FILE = NO; INFOPLIST_FILE = BitOS/Resources/Info.plist; MARKETING_VERSION = 0.1.0; PRODUCT_BUNDLE_IDENTIFIER = space.bitos.app; PRODUCT_NAME = "$(TARGET_NAME)"; SWIFT_EMIT_LOC_STRINGS = YES; SWIFT_STRICT_CONCURRENCY = complete; SWIFT_VERSION = 6.0; TARGETED_DEVICE_FAMILY = "1,2";}; name = Release; };
		A00000000000000000000B05 /* Debug */ = {isa = XCBuildConfiguration; buildSettings = {BUNDLE_LOADER = "$(TEST_HOST)"; CODE_SIGN_STYLE = Automatic; GENERATE_INFOPLIST_FILE = YES; IPHONEOS_DEPLOYMENT_TARGET = 17.0; PRODUCT_BUNDLE_IDENTIFIER = space.bitos.app.tests; PRODUCT_NAME = "$(TARGET_NAME)"; SWIFT_STRICT_CONCURRENCY = complete; SWIFT_VERSION = 6.0; TARGETED_DEVICE_FAMILY = "1,2"; TEST_HOST = "$(BUILT_PRODUCTS_DIR)/BitOS.app/$(BUNDLE_EXECUTABLE_FOLDER_PATH)/BitOS";}; name = Debug; };
		A00000000000000000000B06 /* Release */ = {isa = XCBuildConfiguration; buildSettings = {BUNDLE_LOADER = "$(TEST_HOST)"; CODE_SIGN_STYLE = Automatic; GENERATE_INFOPLIST_FILE = YES; IPHONEOS_DEPLOYMENT_TARGET = 17.0; PRODUCT_BUNDLE_IDENTIFIER = space.bitos.app.tests; PRODUCT_NAME = "$(TARGET_NAME)"; SWIFT_STRICT_CONCURRENCY = complete; SWIFT_VERSION = 6.0; TARGETED_DEVICE_FAMILY = "1,2"; TEST_HOST = "$(BUILT_PRODUCTS_DIR)/BitOS.app/$(BUNDLE_EXECUTABLE_FOLDER_PATH)/BitOS";}; name = Release; };
/* End XCBuildConfiguration section */

/* Begin XCConfigurationList section */
		A00000000000000000000801 /* Build configuration list for PBXProject */ = {isa = XCConfigurationList; buildConfigurations = (A00000000000000000000B01, A00000000000000000000B02); defaultConfigurationIsVisible = 0; defaultConfigurationName = Release; };
		A00000000000000000000802 /* Build configuration list for BitOS */ = {isa = XCConfigurationList; buildConfigurations = (A00000000000000000000B03, A00000000000000000000B04); defaultConfigurationIsVisible = 0; defaultConfigurationName = Release; };
		A00000000000000000000803 /* Build configuration list for BitOSTests */ = {isa = XCConfigurationList; buildConfigurations = (A00000000000000000000B05, A00000000000000000000B06); defaultConfigurationIsVisible = 0; defaultConfigurationName = Release; };
/* End XCConfigurationList section */
	};
	rootObject = A00000000000000000000401 /* Project object */;
}
