// !$*UTF8*$!
{
	archiveVersion = 1;
	classes = {};
	objectVersion = 77;
	objects = {

/* Begin PBXBuildFile section */
		A00000000000000000000101 /* BitOSApp.swift in Sources */ = {isa = PBXBuildFile; fileRef = A00000000000000000000201 /* BitOSApp.swift */; };
		A00000000000000000000102 /* AppEnvironment.swift in Sources */ = {isa = PBXBuildFile; fileRef = A00000000000000000000202 /* AppEnvironment.swift */; };
		A00000000000000000000103 /* RootView.swift in Sources */ = {isa = PBXBuildFile; fileRef = A00000000000000000000203 /* RootView.swift */; };
		A00000000000000000000104 /* BitOSTheme.swift in Sources */ = {isa = PBXBuildFile; fileRef = A00000000000000000000204 /* BitOSTheme.swift */; };
		A00000000000000000000105 /* HomeView.swift in Sources */ = {isa = PBXBuildFile; fileRef = A00000000000000000000205 /* HomeView.swift */; };
		A00000000000000000000106 /* DiscoverView.swift in Sources */ = {isa = PBXBuildFile; fileRef = A00000000000000000000206 /* DiscoverView.swift */; };
		A00000000000000000000107 /* CreateView.swift in Sources */ = {isa = PBXBuildFile; fileRef = A00000000000000000000207 /* CreateView.swift */; };
		A00000000000000000000158 /* MemeEditorView.swift in Sources */ = {isa = PBXBuildFile; fileRef = A00000000000000000000258 /* MemeEditorView.swift */; };
		A00000000000000000000159 /* MemeProjectStore.swift in Sources */ = {isa = PBXBuildFile; fileRef = A00000000000000000000259 /* MemeProjectStore.swift */; };
		A0000000000000000000015D /* SharedTemplateStore.swift in Sources */ = {isa = PBXBuildFile; fileRef = A0000000000000000000025D /* SharedTemplateStore.swift */; };
		A0000000000000000000016E /* SharedSoundStore.swift in Sources */ = {isa = PBXBuildFile; fileRef = A0000000000000000000026D /* SharedSoundStore.swift */; };
		A0000000000000000000016F /* SharedSoundLibraryStore.swift in Sources */ = {isa = PBXBuildFile; fileRef = A0000000000000000000026E /* SharedSoundLibraryStore.swift */; };
		A0000000000000000000015A /* GifFrameSourceIos.swift in Sources */ = {isa = PBXBuildFile; fileRef = A0000000000000000000025A /* GifFrameSourceIos.swift */; };
		A0000000000000000000015B /* MemeGifExportIos.swift in Sources */ = {isa = PBXBuildFile; fileRef = A0000000000000000000025B /* MemeGifExportIos.swift */; };
		A0000000000000000000015C /* MemeVideoExportIos.swift in Sources */ = {isa = PBXBuildFile; fileRef = A0000000000000000000025C /* MemeVideoExportIos.swift */; };
		A00000000000000000000108 /* InboxView.swift in Sources */ = {isa = PBXBuildFile; fileRef = A00000000000000000000208 /* InboxView.swift */; };
		A00000000000000000000109 /* ProfileView.swift in Sources */ = {isa = PBXBuildFile; fileRef = A00000000000000000000209 /* ProfileView.swift */; };
		A0000000000000000000010A /* BusinessCoreClient.swift in Sources */ = {isa = PBXBuildFile; fileRef = A0000000000000000000020A /* BusinessCoreClient.swift */; };
		A0000000000000000000010B /* BusinessCoreClientTests.swift in Sources */ = {isa = PBXBuildFile; fileRef = A0000000000000000000020B /* BusinessCoreClientTests.swift */; };
		A0000000000000000000010C /* NostrModels.swift in Sources */ = {isa = PBXBuildFile; fileRef = A0000000000000000000020C2 /* NostrModels.swift */; };
		A0000000000000000000010D /* RelayPool.swift in Sources */ = {isa = PBXBuildFile; fileRef = A0000000000000000000020D2 /* RelayPool.swift */; };
		A0000000000000000000010E /* FeedStore.swift in Sources */ = {isa = PBXBuildFile; fileRef = A0000000000000000000020E2 /* FeedStore.swift */; };
		A0000000000000000000010F /* NostrModelsTests.swift in Sources */ = {isa = PBXBuildFile; fileRef = A0000000000000000000020F /* NostrModelsTests.swift */; };
		A00000000000000000000110 /* BusinessCore.xcframework in Frameworks */ = {isa = PBXBuildFile; fileRef = A00000000000000000000210 /* BusinessCore.xcframework */; };
		A00000000000000000000111 /* EventStore.swift in Sources */ = {isa = PBXBuildFile; fileRef = A00000000000000000000211 /* EventStore.swift */; };
		A00000000000000000000112 /* EventStoreTests.swift in Sources */ = {isa = PBXBuildFile; fileRef = A00000000000000000000212 /* EventStoreTests.swift */; };
		A00000000000000000000113 /* PlayerPool.swift in Sources */ = {isa = PBXBuildFile; fileRef = A00000000000000000000213 /* PlayerPool.swift */; };
		A00000000000000000000114 /* IdentityKeychain.swift in Sources */ = {isa = PBXBuildFile; fileRef = A00000000000000000000214 /* IdentityKeychain.swift */; };
		A00000000000000000000115 /* IdentityStore.swift in Sources */ = {isa = PBXBuildFile; fileRef = A00000000000000000000215 /* IdentityStore.swift */; };
		A00000000000000000000116 /* NotePublisher.swift in Sources */ = {isa = PBXBuildFile; fileRef = A00000000000000000000216 /* NotePublisher.swift */; };
		A00000000000000000000118 /* CommentSheet.swift in Sources */ = {isa = PBXBuildFile; fileRef = A00000000000000000000218 /* CommentSheet.swift */; };
		A00000000000000000000119 /* ZapSheet.swift in Sources */ = {isa = PBXBuildFile; fileRef = A00000000000000000000219 /* ZapSheet.swift */; };
		A0000000000000000000011A /* BlossomUploader.swift in Sources */ = {isa = PBXBuildFile; fileRef = A0000000000000000000021A /* BlossomUploader.swift */; };
		A0000000000000000000011C /* CameraScreen.swift in Sources */ = {isa = PBXBuildFile; fileRef = A0000000000000000000021C /* CameraScreen.swift */; };
		A0000000000000000000011D /* InboxStore.swift in Sources */ = {isa = PBXBuildFile; fileRef = A0000000000000000000021D /* InboxStore.swift */; };
		A0000000000000000000011E /* SearchStore.swift in Sources */ = {isa = PBXBuildFile; fileRef = A0000000000000000000021E /* SearchStore.swift */; };
		A0000000000000000000011F /* AuthorStore.swift in Sources */ = {isa = PBXBuildFile; fileRef = A0000000000000000000021F /* AuthorStore.swift */; };
		A00000000000000000000120 /* AuthorProfileSheet.swift in Sources */ = {isa = PBXBuildFile; fileRef = A00000000000000000000220 /* AuthorProfileSheet.swift */; };
		A0000000000000000000014E /* AuthorProfilePage.swift in Sources */ = {isa = PBXBuildFile; fileRef = A0000000000000000000024F /* AuthorProfilePage.swift */; };
		A00000000000000000000121 /* ProfileEditSheet.swift in Sources */ = {isa = PBXBuildFile; fileRef = A00000000000000000000221 /* ProfileEditSheet.swift */; };
		A00000000000000000000122 /* VideoPreviewScreen.swift in Sources */ = {isa = PBXBuildFile; fileRef = A00000000000000000000222 /* VideoPreviewScreen.swift */; };
		A00000000000000000000123 /* HexIdentity.swift in Sources */ = {isa = PBXBuildFile; fileRef = A00000000000000000000223 /* HexIdentity.swift */; };
		A00000000000000000000124 /* HexIdentityTests.swift in Sources */ = {isa = PBXBuildFile; fileRef = A00000000000000000000224 /* HexIdentityTests.swift */; };
		A00000000000000000000125 /* AppMenu.swift in Sources */ = {isa = PBXBuildFile; fileRef = A00000000000000000000225 /* AppMenu.swift */; };
		A00000000000000000000126 /* AppMenuTests.swift in Sources */ = {isa = PBXBuildFile; fileRef = A00000000000000000000226 /* AppMenuTests.swift */; };
		A00000000000000000000127 /* PowCard.swift in Sources */ = {isa = PBXBuildFile; fileRef = A00000000000000000000227 /* PowCard.swift */; };
		A00000000000000000000128 /* AppIcons.swift in Sources */ = {isa = PBXBuildFile; fileRef = A00000000000000000000228 /* AppIcons.swift */; };
		A00000000000000000000129 /* RichContent.swift in Sources */ = {isa = PBXBuildFile; fileRef = A00000000000000000000229 /* RichContent.swift */; };
		A0000000000000000000012B /* SettingsView.swift in Sources */ = {isa = PBXBuildFile; fileRef = A0000000000000000000022B /* SettingsView.swift */; };
		A00000000000000000000130 /* Assets.xcassets in Resources */ = {isa = PBXBuildFile; fileRef = A00000000000000000000230 /* Assets.xcassets */; };
		A00000000000000000000131 /* BootSplash.swift in Sources */ = {isa = PBXBuildFile; fileRef = A00000000000000000000231 /* BootSplash.swift */; };
		A00000000000000000000132 /* BootSplashTests.swift in Sources */ = {isa = PBXBuildFile; fileRef = A00000000000000000000232 /* BootSplashTests.swift */; };
		A00000000000000000000133 /* SettingsStore.swift in Sources */ = {isa = PBXBuildFile; fileRef = A00000000000000000000233 /* SettingsStore.swift */; };
		A00000000000000000000134 /* SettingsStoreTests.swift in Sources */ = {isa = PBXBuildFile; fileRef = A00000000000000000000234 /* SettingsStoreTests.swift */; };
		A0000000000000000000014A /* SecretKeyFieldTests.swift in Sources */ = {isa = PBXBuildFile; fileRef = A00000000000000000000246 /* SecretKeyFieldTests.swift */; };
		A00000000000000000000135 /* RelayManagerStore.swift in Sources */ = {isa = PBXBuildFile; fileRef = A00000000000000000000235 /* RelayManagerStore.swift */; };
		A00000000000000000000136 /* RelayManagerStoreTests.swift in Sources */ = {isa = PBXBuildFile; fileRef = A00000000000000000000236 /* RelayManagerStoreTests.swift */; };
		A00000000000000000000137 /* AlgorithmStore.swift in Sources */ = {isa = PBXBuildFile; fileRef = A00000000000000000000237 /* AlgorithmStore.swift */; };
		A00000000000000000000138 /* PrivacyPrefsStore.swift in Sources */ = {isa = PBXBuildFile; fileRef = A00000000000000000000238 /* PrivacyPrefsStore.swift */; };
		A00000000000000000000139 /* MoreView.swift in Sources */ = {isa = PBXBuildFile; fileRef = A00000000000000000000239 /* MoreView.swift */; };
		A00000000000000000000140 /* BrandQrCode.swift in Sources */ = {isa = PBXBuildFile; fileRef = A00000000000000000000240 /* BrandQrCode.swift */; };
		A00000000000000000000141 /* ProfileLookupStore.swift in Sources */ = {isa = PBXBuildFile; fileRef = A00000000000000000000241 /* ProfileLookupStore.swift */; };
		A00000000000000000000142 /* SupportDonateSheet.swift in Sources */ = {isa = PBXBuildFile; fileRef = A00000000000000000000242 /* SupportDonateSheet.swift */; };
		A00000000000000000000143 /* AccountSwitchOverlay.swift in Sources */ = {isa = PBXBuildFile; fileRef = A00000000000000000000243 /* AccountSwitchOverlay.swift */; };
		A00000000000000000000160 /* ChatsView.swift in Sources */ = {isa = PBXBuildFile; fileRef = A00000000000000000000260 /* ChatsView.swift */; };
		A00000000000000000000164 /* PerfSignposts.swift in Sources */ = {isa = PBXBuildFile; fileRef = A00000000000000000000264 /* PerfSignposts.swift */; };
		A00000000000000000000165 /* MetricKitObserver.swift in Sources */ = {isa = PBXBuildFile; fileRef = A00000000000000000000265 /* MetricKitObserver.swift */; };
		A0000000000000000000013A /* ComposerScreen.swift in Sources */ = {isa = PBXBuildFile; fileRef = A0000000000000000000023A /* ComposerScreen.swift */; };
		A0000000000000000000013M /* ComposerTextEditor.swift in Sources */ = {isa = PBXBuildFile; fileRef = A00000000000000000000248 /* ComposerTextEditor.swift */; };
		A0000000000000000000013I /* GifPickerSheet.swift in Sources */ = {isa = PBXBuildFile; fileRef = A00000000000000000000244 /* GifPickerSheet.swift */; };
		A0000000000000000000013J /* AttachmentPreviewRow.swift in Sources */ = {isa = PBXBuildFile; fileRef = A00000000000000000000245 /* AttachmentPreviewRow.swift */; };
		A0000000000000000000013B /* SentZapsStore.swift in Sources */ = {isa = PBXBuildFile; fileRef = A0000000000000000000023B /* SentZapsStore.swift */; };
		A0000000000000000000013C /* ZapsView.swift in Sources */ = {isa = PBXBuildFile; fileRef = A0000000000000000000023C /* ZapsView.swift */; };
		A0000000000000000000013D /* BitosTextField.swift in Sources */ = {isa = PBXBuildFile; fileRef = A0000000000000000000023D /* BitosTextField.swift */; };
		A0000000000000000000013R /* FeedNoteCard.swift in Sources */ = {isa = PBXBuildFile; fileRef = A0000000000000000000023R /* FeedNoteCard.swift */; };
		A00000000000000000000152 /* StateBannerView.swift in Sources */ = {isa = PBXBuildFile; fileRef = A00000000000000000000252 /* StateBannerView.swift */; };
		A00000000000000000000153 /* HashtagFollowsStore.swift in Sources */ = {isa = PBXBuildFile; fileRef = A00000000000000000000253 /* HashtagFollowsStore.swift */; };
		A00000000000000000000154 /* InteractionProfileStore.swift in Sources */ = {isa = PBXBuildFile; fileRef = A00000000000000000000254 /* InteractionProfileStore.swift */; };
		A00000000000000000000155 /* AppButton.swift in Sources */ = {isa = PBXBuildFile; fileRef = A00000000000000000000255 /* AppButton.swift */; };
		A00000000000000000000156 /* AppChip.swift in Sources */ = {isa = PBXBuildFile; fileRef = A00000000000000000000256 /* AppChip.swift */; };
		A00000000000000000000157 /* AppSkeleton.swift in Sources */ = {isa = PBXBuildFile; fileRef = A00000000000000000000257 /* AppSkeleton.swift */; };
		A0000000000000000000013E /* OnboardingScreen.swift in Sources */ = {isa = PBXBuildFile; fileRef = A0000000000000000000023E /* OnboardingScreen.swift */; };
		A0000000000000000000013F /* StaticPagesScreen.swift in Sources */ = {isa = PBXBuildFile; fileRef = A0000000000000000000023F /* StaticPagesScreen.swift */; };
		A0000000000000000000013N /* DmStore.swift in Sources */ = {isa = PBXBuildFile; fileRef = A00000000000000000000249 /* DmStore.swift */; };
		A0000000000000000000013O /* DmScreen.swift in Sources */ = {isa = PBXBuildFile; fileRef = A0000000000000000000024A /* DmScreen.swift */; };
		A0000000000000000000013P /* BitzView.swift in Sources */ = {isa = PBXBuildFile; fileRef = A0000000000000000000024B /* BitzView.swift */; };
		A0000000000000000000013Q /* BookmarksView.swift in Sources */ = {isa = PBXBuildFile; fileRef = A0000000000000000000024C /* BookmarksView.swift */; };
		A0000000000000000000013G /* LightningInvoiceSheet.swift in Sources */ = {isa = PBXBuildFile; fileRef = A0000000000000000000023G /* LightningInvoiceSheet.swift */; };
		A0000000000000000000013H /* ExternalLinkConfirmSheet.swift in Sources */ = {isa = PBXBuildFile; fileRef = A0000000000000000000023H /* ExternalLinkConfirmSheet.swift */; };
		A0000000000000000000013K /* SecretKeyField.swift in Sources */ = {isa = PBXBuildFile; fileRef = A0000000000000000000023I /* SecretKeyField.swift */; };
		A0000000000000000000013L /* ConfirmIdentitySheet.swift in Sources */ = {isa = PBXBuildFile; fileRef = A0000000000000000000023J /* ConfirmIdentitySheet.swift */; };
		A0000000000000000000014B /* PosterImagePipeline.swift in Sources */ = {isa = PBXBuildFile; fileRef = A00000000000000000000247 /* PosterImagePipeline.swift */; };
		A0000000000000000000014C /* StoriesStore.swift in Sources */ = {isa = PBXBuildFile; fileRef = A0000000000000000000024D /* StoriesStore.swift */; };
		A0000000000000000000014D /* StoriesBarView.swift in Sources */ = {isa = PBXBuildFile; fileRef = A0000000000000000000024E /* StoriesBarView.swift */; };
		A00000000000000000000166 /* RawEventSheet.swift in Sources */ = {isa = PBXBuildFile; fileRef = A00000000000000000000266 /* RawEventSheet.swift */; };
		A00000000000000000000167 /* BitosMediaUploader.swift in Sources */ = {isa = PBXBuildFile; fileRef = A00000000000000000000267 /* BitosMediaUploader.swift */; };
		A00000000000000000000168 /* ProgressUrlUpload.swift in Sources */ = {isa = PBXBuildFile; fileRef = A00000000000000000000268 /* ProgressUrlUpload.swift */; };
/* End PBXBuildFile section */

/* Begin PBXContainerItemProxy section */
		A00000000000000000000301 /* PBXContainerItemProxy */ = {
			isa = PBXContainerItemProxy;
			containerPortal = A00000000000000000000401 /* Project object */;
			proxyType = 1;
			remoteGlobalIDString = A00000000000000000000501;
			remoteInfo = BitOS;
		};
/* End PBXContainerItemProxy section */

/* Begin PBXFileReference section */
		A00000000000000000000201 /* BitOSApp.swift */ = {isa = PBXFileReference; lastKnownFileType = sourcecode.swift; path = App/BitOSApp.swift; sourceTree = "<group>"; };
		A00000000000000000000202 /* AppEnvironment.swift */ = {isa = PBXFileReference; lastKnownFileType = sourcecode.swift; path = App/AppEnvironment.swift; sourceTree = "<group>"; };
		A00000000000000000000203 /* RootView.swift */ = {isa = PBXFileReference; lastKnownFileType = sourcecode.swift; path = App/RootView.swift; sourceTree = "<group>"; };
		A00000000000000000000204 /* BitOSTheme.swift */ = {isa = PBXFileReference; lastKnownFileType = sourcecode.swift; path = DesignSystem/BitOSTheme.swift; sourceTree = "<group>"; };
		A00000000000000000000205 /* HomeView.swift */ = {isa = PBXFileReference; lastKnownFileType = sourcecode.swift; path = Features/Home/HomeView.swift; sourceTree = "<group>"; };
		A00000000000000000000206 /* DiscoverView.swift */ = {isa = PBXFileReference; lastKnownFileType = sourcecode.swift; path = Features/Discover/DiscoverView.swift; sourceTree = "<group>"; };
		A00000000000000000000207 /* CreateView.swift */ = {isa = PBXFileReference; lastKnownFileType = sourcecode.swift; path = Features/Create/CreateView.swift; sourceTree = "<group>"; };
		A00000000000000000000258 /* MemeEditorView.swift */ = {isa = PBXFileReference; lastKnownFileType = sourcecode.swift; path = Features/Create/MemeEditorView.swift; sourceTree = "<group>"; };
		A00000000000000000000259 /* MemeProjectStore.swift */ = {isa = PBXFileReference; lastKnownFileType = sourcecode.swift; path = Features/Create/MemeProjectStore.swift; sourceTree = "<group>"; };
		A0000000000000000000025D /* SharedTemplateStore.swift */ = {isa = PBXFileReference; lastKnownFileType = sourcecode.swift; path = Features/Create/SharedTemplateStore.swift; sourceTree = "<group>"; };
		A0000000000000000000026D /* SharedSoundStore.swift */ = {isa = PBXFileReference; lastKnownFileType = sourcecode.swift; path = Features/Create/SharedSoundStore.swift; sourceTree = "<group>"; };
		A0000000000000000000026E /* SharedSoundLibraryStore.swift */ = {isa = PBXFileReference; lastKnownFileType = sourcecode.swift; path = Features/Create/SharedSoundLibraryStore.swift; sourceTree = "<group>"; };
		A0000000000000000000025A /* GifFrameSourceIos.swift */ = {isa = PBXFileReference; lastKnownFileType = sourcecode.swift; path = Features/Create/GifFrameSourceIos.swift; sourceTree = "<group>"; };
		A0000000000000000000025B /* MemeGifExportIos.swift */ = {isa = PBXFileReference; lastKnownFileType = sourcecode.swift; path = Features/Create/MemeGifExportIos.swift; sourceTree = "<group>"; };
		A0000000000000000000025C /* MemeVideoExportIos.swift */ = {isa = PBXFileReference; lastKnownFileType = sourcecode.swift; path = Features/Create/MemeVideoExportIos.swift; sourceTree = "<group>"; };
		A00000000000000000000208 /* InboxView.swift */ = {isa = PBXFileReference; lastKnownFileType = sourcecode.swift; path = Features/Inbox/InboxView.swift; sourceTree = "<group>"; };
		A00000000000000000000260 /* ChatsView.swift */ = {isa = PBXFileReference; lastKnownFileType = sourcecode.swift; path = Features/Inbox/ChatsView.swift; sourceTree = "<group>"; };
		A00000000000000000000209 /* ProfileView.swift */ = {isa = PBXFileReference; lastKnownFileType = sourcecode.swift; path = Features/Profile/ProfileView.swift; sourceTree = "<group>"; };
		A0000000000000000000020A /* BusinessCoreClient.swift */ = {isa = PBXFileReference; lastKnownFileType = sourcecode.swift; path = Platform/Business/BusinessCoreClient.swift; sourceTree = "<group>"; };
		A0000000000000000000020B /* BusinessCoreClientTests.swift */ = {isa = PBXFileReference; lastKnownFileType = sourcecode.swift; path = BusinessCoreClientTests.swift; sourceTree = "<group>"; };
		A0000000000000000000020C2 /* NostrModels.swift */ = {isa = PBXFileReference; lastKnownFileType = sourcecode.swift; path = Domain/NostrModels.swift; sourceTree = "<group>"; };
		A0000000000000000000020D2 /* RelayPool.swift */ = {isa = PBXFileReference; lastKnownFileType = sourcecode.swift; path = Platform/RelayPool.swift; sourceTree = "<group>"; };
		A0000000000000000000020E2 /* FeedStore.swift */ = {isa = PBXFileReference; lastKnownFileType = sourcecode.swift; path = Platform/FeedStore.swift; sourceTree = "<group>"; };
		A0000000000000000000020F /* NostrModelsTests.swift */ = {isa = PBXFileReference; lastKnownFileType = sourcecode.swift; path = NostrModelsTests.swift; sourceTree = "<group>"; };
		A00000000000000000000210 /* BusinessCore.xcframework */ = {isa = PBXFileReference; lastKnownFileType = wrapper.xcframework; name = BusinessCore.xcframework; path = ../../build/BusinessCore.xcframework; sourceTree = SOURCE_ROOT; };
		A00000000000000000000211 /* EventStore.swift */ = {isa = PBXFileReference; lastKnownFileType = sourcecode.swift; path = Platform/Persistence/EventStore.swift; sourceTree = "<group>"; };
		A00000000000000000000264 /* PerfSignposts.swift */ = {isa = PBXFileReference; lastKnownFileType = sourcecode.swift; path = Platform/Diagnostics/PerfSignposts.swift; sourceTree = "<group>"; };
		A00000000000000000000265 /* MetricKitObserver.swift */ = {isa = PBXFileReference; lastKnownFileType = sourcecode.swift; path = Platform/Diagnostics/MetricKitObserver.swift; sourceTree = "<group>"; };
		A00000000000000000000212 /* EventStoreTests.swift */ = {isa = PBXFileReference; lastKnownFileType = sourcecode.swift; path = EventStoreTests.swift; sourceTree = "<group>"; };
		A00000000000000000000213 /* PlayerPool.swift */ = {isa = PBXFileReference; lastKnownFileType = sourcecode.swift; path = Platform/Playback/PlayerPool.swift; sourceTree = "<group>"; };
		A00000000000000000000214 /* IdentityKeychain.swift */ = {isa = PBXFileReference; lastKnownFileType = sourcecode.swift; path = Platform/Identity/IdentityKeychain.swift; sourceTree = "<group>"; };
		A00000000000000000000215 /* IdentityStore.swift */ = {isa = PBXFileReference; lastKnownFileType = sourcecode.swift; path = Platform/Identity/IdentityStore.swift; sourceTree = "<group>"; };
		A00000000000000000000216 /* NotePublisher.swift */ = {isa = PBXFileReference; lastKnownFileType = sourcecode.swift; path = Platform/Publish/NotePublisher.swift; sourceTree = "<group>"; };
		A00000000000000000000218 /* CommentSheet.swift */ = {isa = PBXFileReference; lastKnownFileType = sourcecode.swift; path = Features/Home/CommentSheet.swift; sourceTree = "<group>"; };
		A00000000000000000000219 /* ZapSheet.swift */ = {isa = PBXFileReference; lastKnownFileType = sourcecode.swift; path = Features/Home/ZapSheet.swift; sourceTree = "<group>"; };
		A0000000000000000000021A /* BlossomUploader.swift */ = {isa = PBXFileReference; lastKnownFileType = sourcecode.swift; path = Platform/Media/BlossomUploader.swift; sourceTree = "<group>"; };
		A0000000000000000000021C /* CameraScreen.swift */ = {isa = PBXFileReference; lastKnownFileType = sourcecode.swift; path = Features/Create/CameraScreen.swift; sourceTree = "<group>"; };
		A0000000000000000000021D /* InboxStore.swift */ = {isa = PBXFileReference; lastKnownFileType = sourcecode.swift; path = Platform/Inbox/InboxStore.swift; sourceTree = "<group>"; };
		A0000000000000000000021E /* SearchStore.swift */ = {isa = PBXFileReference; lastKnownFileType = sourcecode.swift; path = Platform/Search/SearchStore.swift; sourceTree = "<group>"; };
		A0000000000000000000021F /* AuthorStore.swift */ = {isa = PBXFileReference; lastKnownFileType = sourcecode.swift; path = Platform/Author/AuthorStore.swift; sourceTree = "<group>"; };
		A00000000000000000000220 /* AuthorProfileSheet.swift */ = {isa = PBXFileReference; lastKnownFileType = sourcecode.swift; path = Features/Profile/AuthorProfileSheet.swift; sourceTree = "<group>"; };
		A0000000000000000000024F /* AuthorProfilePage.swift */ = {isa = PBXFileReference; lastKnownFileType = sourcecode.swift; path = Features/Profile/AuthorProfilePage.swift; sourceTree = "<group>"; };
		A00000000000000000000221 /* ProfileEditSheet.swift */ = {isa = PBXFileReference; lastKnownFileType = sourcecode.swift; path = Features/Profile/ProfileEditSheet.swift; sourceTree = "<group>"; };
		A00000000000000000000222 /* VideoPreviewScreen.swift */ = {isa = PBXFileReference; lastKnownFileType = sourcecode.swift; path = Features/Create/VideoPreviewScreen.swift; sourceTree = "<group>"; };
		A00000000000000000000223 /* HexIdentity.swift */ = {isa = PBXFileReference; lastKnownFileType = sourcecode.swift; path = DesignSystem/HexIdentity.swift; sourceTree = "<group>"; };
		A00000000000000000000224 /* HexIdentityTests.swift */ = {isa = PBXFileReference; lastKnownFileType = sourcecode.swift; path = HexIdentityTests.swift; sourceTree = "<group>"; };
		A00000000000000000000225 /* AppMenu.swift */ = {isa = PBXFileReference; lastKnownFileType = sourcecode.swift; path = DesignSystem/AppMenu.swift; sourceTree = "<group>"; };
		A00000000000000000000226 /* AppMenuTests.swift */ = {isa = PBXFileReference; lastKnownFileType = sourcecode.swift; path = AppMenuTests.swift; sourceTree = "<group>"; };
		A00000000000000000000227 /* PowCard.swift */ = {isa = PBXFileReference; lastKnownFileType = sourcecode.swift; path = DesignSystem/PowCard.swift; sourceTree = "<group>"; };
		A00000000000000000000228 /* AppIcons.swift */ = {isa = PBXFileReference; lastKnownFileType = sourcecode.swift; path = DesignSystem/AppIcons.swift; sourceTree = "<group>"; };
		A00000000000000000000229 /* RichContent.swift */ = {isa = PBXFileReference; lastKnownFileType = sourcecode.swift; path = DesignSystem/RichContent.swift; sourceTree = "<group>"; };
		A0000000000000000000022B /* SettingsView.swift */ = {isa = PBXFileReference; lastKnownFileType = sourcecode.swift; path = Features/Settings/SettingsView.swift; sourceTree = "<group>"; };
		A0000000000000000000020C /* Info.plist */ = {isa = PBXFileReference; lastKnownFileType = text.plist.xml; path = Resources/Info.plist; sourceTree = "<group>"; };
		A00000000000000000000230 /* Assets.xcassets */ = {isa = PBXFileReference; lastKnownFileType = folder.assetcatalog; path = Resources/Assets.xcassets; sourceTree = "<group>"; };
		A00000000000000000000231 /* BootSplash.swift */ = {isa = PBXFileReference; lastKnownFileType = sourcecode.swift; path = DesignSystem/BootSplash.swift; sourceTree = "<group>"; };
		A00000000000000000000232 /* BootSplashTests.swift */ = {isa = PBXFileReference; lastKnownFileType = sourcecode.swift; path = BootSplashTests.swift; sourceTree = "<group>"; };
		A00000000000000000000233 /* SettingsStore.swift */ = {isa = PBXFileReference; lastKnownFileType = sourcecode.swift; path = Platform/Settings/SettingsStore.swift; sourceTree = "<group>"; };
		A00000000000000000000234 /* SettingsStoreTests.swift */ = {isa = PBXFileReference; lastKnownFileType = sourcecode.swift; path = SettingsStoreTests.swift; sourceTree = "<group>"; };
		A00000000000000000000246 /* SecretKeyFieldTests.swift */ = {isa = PBXFileReference; lastKnownFileType = sourcecode.swift; path = SecretKeyFieldTests.swift; sourceTree = "<group>"; };
		A00000000000000000000235 /* RelayManagerStore.swift */ = {isa = PBXFileReference; lastKnownFileType = sourcecode.swift; path = Platform/Settings/RelayManagerStore.swift; sourceTree = "<group>"; };
		A00000000000000000000236 /* RelayManagerStoreTests.swift */ = {isa = PBXFileReference; lastKnownFileType = sourcecode.swift; path = RelayManagerStoreTests.swift; sourceTree = "<group>"; };
		A00000000000000000000237 /* AlgorithmStore.swift */ = {isa = PBXFileReference; lastKnownFileType = sourcecode.swift; path = Platform/Settings/AlgorithmStore.swift; sourceTree = "<group>"; };
		A00000000000000000000238 /* PrivacyPrefsStore.swift */ = {isa = PBXFileReference; lastKnownFileType = sourcecode.swift; path = Platform/Settings/PrivacyPrefsStore.swift; sourceTree = "<group>"; };
		A00000000000000000000239 /* MoreView.swift */ = {isa = PBXFileReference; lastKnownFileType = sourcecode.swift; path = Features/More/MoreView.swift; sourceTree = "<group>"; };
		A00000000000000000000240 /* BrandQrCode.swift */ = {isa = PBXFileReference; lastKnownFileType = sourcecode.swift; path = DesignSystem/BrandQrCode.swift; sourceTree = "<group>"; };
		A00000000000000000000241 /* ProfileLookupStore.swift */ = {isa = PBXFileReference; lastKnownFileType = sourcecode.swift; path = Platform/Author/ProfileLookupStore.swift; sourceTree = "<group>"; };
		A00000000000000000000242 /* SupportDonateSheet.swift */ = {isa = PBXFileReference; lastKnownFileType = sourcecode.swift; path = Features/Settings/SupportDonateSheet.swift; sourceTree = "<group>"; };
		A00000000000000000000243 /* AccountSwitchOverlay.swift */ = {isa = PBXFileReference; lastKnownFileType = sourcecode.swift; path = DesignSystem/AccountSwitchOverlay.swift; sourceTree = "<group>"; };
		A0000000000000000000023A /* ComposerScreen.swift */ = {isa = PBXFileReference; lastKnownFileType = sourcecode.swift; path = Features/Create/ComposerScreen.swift; sourceTree = "<group>"; };
		A00000000000000000000248 /* ComposerTextEditor.swift */ = {isa = PBXFileReference; lastKnownFileType = sourcecode.swift; path = Features/Create/ComposerTextEditor.swift; sourceTree = "<group>"; };
		A00000000000000000000244 /* GifPickerSheet.swift */ = {isa = PBXFileReference; lastKnownFileType = sourcecode.swift; path = Features/Create/GifPickerSheet.swift; sourceTree = "<group>"; };
		A00000000000000000000245 /* AttachmentPreviewRow.swift */ = {isa = PBXFileReference; lastKnownFileType = sourcecode.swift; path = DesignSystem/AttachmentPreviewRow.swift; sourceTree = "<group>"; };
		A0000000000000000000023B /* SentZapsStore.swift */ = {isa = PBXFileReference; lastKnownFileType = sourcecode.swift; path = Platform/Zap/SentZapsStore.swift; sourceTree = "<group>"; };
		A0000000000000000000023C /* ZapsView.swift */ = {isa = PBXFileReference; lastKnownFileType = sourcecode.swift; path = Features/Zap/ZapsView.swift; sourceTree = "<group>"; };
		A0000000000000000000023D /* BitosTextField.swift */ = {isa = PBXFileReference; lastKnownFileType = sourcecode.swift; path = DesignSystem/BitosTextField.swift; sourceTree = "<group>"; };
		A0000000000000000000023R /* FeedNoteCard.swift */ = {isa = PBXFileReference; lastKnownFileType = sourcecode.swift; path = DesignSystem/FeedNoteCard.swift; sourceTree = "<group>"; };
		A00000000000000000000252 /* StateBannerView.swift */ = {isa = PBXFileReference; lastKnownFileType = sourcecode.swift; path = DesignSystem/StateBannerView.swift; sourceTree = "<group>"; };
		A00000000000000000000253 /* HashtagFollowsStore.swift */ = {isa = PBXFileReference; lastKnownFileType = sourcecode.swift; path = Platform/Feed/HashtagFollowsStore.swift; sourceTree = "<group>"; };
		A00000000000000000000254 /* InteractionProfileStore.swift */ = {isa = PBXFileReference; lastKnownFileType = sourcecode.swift; path = Platform/Feed/InteractionProfileStore.swift; sourceTree = "<group>"; };
		A00000000000000000000255 /* AppButton.swift */ = {isa = PBXFileReference; lastKnownFileType = sourcecode.swift; path = DesignSystem/AppButton.swift; sourceTree = "<group>"; };
		A00000000000000000000256 /* AppChip.swift */ = {isa = PBXFileReference; lastKnownFileType = sourcecode.swift; path = DesignSystem/AppChip.swift; sourceTree = "<group>"; };
		A00000000000000000000257 /* AppSkeleton.swift */ = {isa = PBXFileReference; lastKnownFileType = sourcecode.swift; path = DesignSystem/AppSkeleton.swift; sourceTree = "<group>"; };
		A0000000000000000000023I /* SecretKeyField.swift */ = {isa = PBXFileReference; lastKnownFileType = sourcecode.swift; path = DesignSystem/SecretKeyField.swift; sourceTree = "<group>"; };
		A0000000000000000000023J /* ConfirmIdentitySheet.swift */ = {isa = PBXFileReference; lastKnownFileType = sourcecode.swift; path = DesignSystem/ConfirmIdentitySheet.swift; sourceTree = "<group>"; };
		A0000000000000000000023E /* OnboardingScreen.swift */ = {isa = PBXFileReference; lastKnownFileType = sourcecode.swift; path = Features/Onboarding/OnboardingScreen.swift; sourceTree = "<group>"; };
		A0000000000000000000023F /* StaticPagesScreen.swift */ = {isa = PBXFileReference; lastKnownFileType = sourcecode.swift; path = Features/Static/StaticPagesScreen.swift; sourceTree = "<group>"; };
		A00000000000000000000249 /* DmStore.swift */ = {isa = PBXFileReference; lastKnownFileType = sourcecode.swift; path = Platform/Dm/DmStore.swift; sourceTree = "<group>"; };
		A0000000000000000000024A /* DmScreen.swift */ = {isa = PBXFileReference; lastKnownFileType = sourcecode.swift; path = Features/Dm/DmScreen.swift; sourceTree = "<group>"; };
		A0000000000000000000024B /* BitzView.swift */ = {isa = PBXFileReference; lastKnownFileType = sourcecode.swift; path = Features/Bitz/BitzView.swift; sourceTree = "<group>"; };
		A0000000000000000000024C /* BookmarksView.swift */ = {isa = PBXFileReference; lastKnownFileType = sourcecode.swift; path = Features/Bookmarks/BookmarksView.swift; sourceTree = "<group>"; };
		A0000000000000000000024D /* StoriesStore.swift */ = {isa = PBXFileReference; lastKnownFileType = sourcecode.swift; path = Platform/Stories/StoriesStore.swift; sourceTree = "<group>"; };
		A0000000000000000000024E /* StoriesBarView.swift */ = {isa = PBXFileReference; lastKnownFileType = sourcecode.swift; path = Features/Stories/StoriesBarView.swift; sourceTree = "<group>"; };
		A00000000000000000000266 /* RawEventSheet.swift */ = {isa = PBXFileReference; lastKnownFileType = sourcecode.swift; path = DesignSystem/RawEventSheet.swift; sourceTree = "<group>"; };
		A00000000000000000000267 /* BitosMediaUploader.swift */ = {isa = PBXFileReference; lastKnownFileType = sourcecode.swift; path = Platform/Media/BitosMediaUploader.swift; sourceTree = "<group>"; };
		A00000000000000000000268 /* ProgressUrlUpload.swift */ = {isa = PBXFileReference; lastKnownFileType = sourcecode.swift; path = Platform/Media/ProgressUrlUpload.swift; sourceTree = "<group>"; };
		A0000000000000000000023G /* LightningInvoiceSheet.swift */ = {isa = PBXFileReference; lastKnownFileType = sourcecode.swift; path = Features/Zap/LightningInvoiceSheet.swift; sourceTree = "<group>"; };
		A0000000000000000000023H /* ExternalLinkConfirmSheet.swift */ = {isa = PBXFileReference; lastKnownFileType = sourcecode.swift; path = DesignSystem/ExternalLinkConfirmSheet.swift; sourceTree = "<group>"; };
		A00000000000000000000247 /* PosterImagePipeline.swift */ = {isa = PBXFileReference; lastKnownFileType = sourcecode.swift; path = Platform/Media/PosterImagePipeline.swift; sourceTree = "<group>"; };
		A0000000000000000000020D /* BitOS.app */ = {isa = PBXFileReference; explicitFileType = wrapper.application; includeInIndex = 0; path = BitOS.app; sourceTree = BUILT_PRODUCTS_DIR; };
		A0000000000000000000020E /* BitOSTests.xctest */ = {isa = PBXFileReference; explicitFileType = wrapper.cfbundle; includeInIndex = 0; path = BitOSTests.xctest; sourceTree = BUILT_PRODUCTS_DIR; };
/* End PBXFileReference section */

/* Begin PBXFrameworksBuildPhase section */
		A00000000000000000000601 /* Frameworks */ = {isa = PBXFrameworksBuildPhase; buildActionMask = 2147483647; files = (A00000000000000000000110 /* BusinessCore.xcframework in Frameworks */); runOnlyForDeploymentPostprocessing = 0; };
		A00000000000000000000602 /* Frameworks */ = {isa = PBXFrameworksBuildPhase; buildActionMask = 2147483647; files = (); runOnlyForDeploymentPostprocessing = 0; };
/* End PBXFrameworksBuildPhase section */

/* Begin PBXGroup section */
		A00000000000000000000701 = {
			isa = PBXGroup;
			children = (A00000000000000000000702 /* BitOS */, A00000000000000000000703 /* BitOSTests */, A00000000000000000000704 /* Products */);
			sourceTree = "<group>";
		};
		A00000000000000000000702 /* BitOS */ = {
			isa = PBXGroup;
			children = (
				A00000000000000000000243 /* AccountSwitchOverlay.swift */,
				A00000000000000000000260 /* ChatsView.swift */,
				A00000000000000000000247,
				A00000000000000000000258,
				A00000000000000000000259,
				A0000000000000000000025A,
				A0000000000000000000025B,
				A0000000000000000000025C,
				A00000000000000000000201, A00000000000000000000202, A00000000000000000000203, A00000000000000000000204, A00000000000000000000205, A00000000000000000000206, A00000000000000000000207, A00000000000000000000208, A00000000000000000000209, A0000000000000000000020A, A0000000000000000000020C, A0000000000000000000020C2, A0000000000000000000020D2, A0000000000000000000020E2, A00000000000000000000210, A00000000000000000000211, A00000000000000000000213, A00000000000000000000214, A00000000000000000000264, A00000000000000000000265, A00000000000000000000215, A00000000000000000000216, A00000000000000000000217, A00000000000000000000218, A00000000000000000000219, A0000000000000000000021A, A0000000000000000000021C, A0000000000000000000021D, A0000000000000000000021E, A0000000000000000000021F, A00000000000000000000220, A00000000000000000000221, A00000000000000000000222, A00000000000000000000223, A00000000000000000000225, A00000000000000000000227, A00000000000000000000228, A00000000000000000000229, A0000000000000000000022B, A00000000000000000000230, A00000000000000000000231, A00000000000000000000233, A00000000000000000000235, A00000000000000000000237, A00000000000000000000238, A00000000000000000000239, A00000000000000000000240, A00000000000000000000241, A00000000000000000000242, A0000000000000000000023A, A00000000000000000000248, A0000000000000000000023B, A0000000000000000000023C, A0000000000000000000023D, A0000000000000000000023R, A0000000000000000000023E, A0000000000000000000023F, A0000000000000000000023G, A0000000000000000000023H, A00000000000000000000244, A00000000000000000000245, A0000000000000000000023I, A0000000000000000000023J, A00000000000000000000249, A0000000000000000000024A, A0000000000000000000024B, A0000000000000000000024C, A0000000000000000000024D, A0000000000000000000024E, A0000000000000000000024F, A00000000000000000000252, A00000000000000000000253, A00000000000000000000254, A00000000000000000000255, A00000000000000000000256, A00000000000000000000257, A00000000000000000000266, A00000000000000000000267, A00000000000000000000268
			);
			path = BitOS;
			sourceTree = "<group>";
		};
		A00000000000000000000703 /* BitOSTests */ = {isa = PBXGroup; children = (A0000000000000000000020B, A0000000000000000000020F, A00000000000000000000212, A00000000000000000000224, A00000000000000000000226, A00000000000000000000232, A00000000000000000000234, A00000000000000000000236, A00000000000000000000246); path = BitOSTests; sourceTree = "<group>"; };
		A00000000000000000000704 /* Products */ = {isa = PBXGroup; children = (A0000000000000000000020D, A0000000000000000000020E); name = Products; sourceTree = "<group>"; };
/* End PBXGroup section */

/* Begin PBXNativeTarget section */
		A00000000000000000000501 /* BitOS */ = {
			isa = PBXNativeTarget;
			buildConfigurationList = A00000000000000000000802;
			buildPhases = (A00000000000000000000901, A00000000000000000000601, A00000000000000000000903);
			buildRules = ();
			dependencies = ();
			name = BitOS;
			productName = BitOS;
			productReference = A0000000000000000000020D;
			productType = "com.apple.product-type.application";
		};
		A00000000000000000000502 /* BitOSTests */ = {
			isa = PBXNativeTarget;
			buildConfigurationList = A00000000000000000000803;
			buildPhases = (A00000000000000000000902, A00000000000000000000602, A00000000000000000000904);
			buildRules = ();
			dependencies = (A00000000000000000000A01);
			name = BitOSTests;
			productName = BitOSTests;
			productReference = A0000000000000000000020E;
			productType = "com.apple.product-type.bundle.unit-test";
		};
/* End PBXNativeTarget section */

/* Begin PBXProject section */
		A00000000000000000000401 /* Project object */ = {
			isa = PBXProject;
			attributes = {BuildIndependentTargetsInParallel = 1; LastSwiftUpdateCheck = 1610; LastUpgradeCheck = 1610; TargetAttributes = {A00000000000000000000501 = {CreatedOnToolsVersion = 16.1;}; A00000000000000000000502 = {CreatedOnToolsVersion = 16.1; TestTargetID = A00000000000000000000501;};};};
			buildConfigurationList = A00000000000000000000801;
			compatibilityVersion = "Xcode 16.0";
			developmentRegion = en;
			hasScannedForEncodings = 0;
			knownRegions = (en, Base);
			mainGroup = A00000000000000000000701;
			productRefGroup = A00000000000000000000704;
			projectDirPath = "";
			projectRoot = "";
			targets = (A00000000000000000000501, A00000000000000000000502);
		};
/* End PBXProject section */

/* Begin PBXResourcesBuildPhase section */
		A00000000000000000000903 /* Resources */ = {isa = PBXResourcesBuildPhase; buildActionMask = 2147483647; files = (A00000000000000000000130 /* Assets.xcassets in Resources */); runOnlyForDeploymentPostprocessing = 0; };
		A00000000000000000000904 /* Resources */ = {isa = PBXResourcesBuildPhase; buildActionMask = 2147483647; files = (); runOnlyForDeploymentPostprocessing = 0; };
/* End PBXResourcesBuildPhase section */

/* Begin PBXSourcesBuildPhase section */
		A00000000000000000000901 /* Sources */ = {isa = PBXSourcesBuildPhase; buildActionMask = 2147483647; files = (A00000000000000000000158 /* MemeEditorView.swift in Sources */, A00000000000000000000159 /* MemeProjectStore.swift in Sources */, A0000000000000000000015A /* GifFrameSourceIos.swift in Sources */, A0000000000000000000015B /* MemeGifExportIos.swift in Sources */, A0000000000000000000015C /* MemeVideoExportIos.swift in Sources */, A0000000000000000000015D /* SharedTemplateStore.swift in Sources */, A0000000000000000000016E /* SharedSoundStore.swift in Sources */, A0000000000000000000016F /* SharedSoundLibraryStore.swift in Sources */, A00000000000000000000160 /* ChatsView.swift in Sources */, A00000000000000000000000164 /* PerfSignposts.swift in Sources */, A00000000000000000000000165 /* MetricKitObserver.swift in Sources */, A00000000000000000000101, A00000000000000000000102, A00000000000000000000103, A00000000000000000000104, A00000000000000000000105, A00000000000000000000106, A00000000000000000000107, A00000000000000000000108, A00000000000000000000109, A0000000000000000000010A, A0000000000000000000010C, A0000000000000000000010D, A0000000000000000000010E, A00000000000000000000111, A00000000000000000000113, A00000000000000000000114, A00000000000000000000115, A00000000000000000000116, A00000000000000000000117, A00000000000000000000118, A00000000000000000000119, A0000000000000000000011A, A0000000000000000000011C, A0000000000000000000011D, A0000000000000000000011E, A0000000000000000000011F, A00000000000000000000120, A00000000000000000000121, A00000000000000000000122, A00000000000000000000123, A00000000000000000000125, A00000000000000000000127, A00000000000000000000128, A00000000000000000000129, A0000000000000000000012B, A00000000000000000000131, A00000000000000000000133, A00000000000000000000135, A00000000000000000000137, A00000000000000000000138, A00000000000000000000139, A0000000000000000000013A, A0000000000000000000013M, A0000000000000000000013B, A0000000000000000000013C, A0000000000000000000013D, A0000000000000000000013R, A0000000000000000000013E, A0000000000000000000013F, A00000000000000000000140, A00000000000000000000141, A0000000000000000000013G, A0000000000000000000013I, A0000000000000000000013J, A0000000000000000000013K, A0000000000000000000013L, A0000000000000000000013N, A0000000000000000000013O, A0000000000000000000013P, A0000000000000000000013Q, A0000000000000000000014B, A0000000000000000000014C, A0000000000000000000014D, A00000000000000000000142, A00000000000000000000143, A0000000000000000000013H, A0000000000000000000014E, A00000000000000000000152, A00000000000000000000153, A00000000000000000000154, A00000000000000000000155, A00000000000000000000156, A00000000000000000000157, A00000000000000000000166, A00000000000000000000167, A00000000000000000000168); runOnlyForDeploymentPostprocessing = 0; };
		A00000000000000000000902 /* Sources */ = {isa = PBXSourcesBuildPhase; buildActionMask = 2147483647; files = (A0000000000000000000010B, A0000000000000000000010F, A00000000000000000000112, A00000000000000000000124, A00000000000000000000126, A00000000000000000000132, A00000000000000000000134, A00000000000000000000136, A0000000000000000000014A); runOnlyForDeploymentPostprocessing = 0; };
/* End PBXSourcesBuildPhase section */

/* Begin PBXTargetDependency section */
		A00000000000000000000A01 /* PBXTargetDependency */ = {isa = PBXTargetDependency; target = A00000000000000000000501; targetProxy = A00000000000000000000301; };
/* End PBXTargetDependency section */

/* Begin XCBuildConfiguration section */
		A00000000000000000000B01 /* Debug */ = {isa = XCBuildConfiguration; buildSettings = {CLANG_ENABLE_MODULES = YES; CLANG_ENABLE_OBJC_ARC = YES; DEBUG_INFORMATION_FORMAT = dwarf; ENABLE_TESTABILITY = YES; GCC_C_LANGUAGE_STANDARD = gnu17; GCC_OPTIMIZATION_LEVEL = 0; IPHONEOS_DEPLOYMENT_TARGET = 17.0; MTL_ENABLE_DEBUG_INFO = INCLUDE_SOURCE; ONLY_ACTIVE_ARCH = YES; SDKROOT = iphoneos; SWIFT_ACTIVE_COMPILATION_CONDITIONS = "DEBUG $(inherited)"; SWIFT_OPTIMIZATION_LEVEL = "-Onone";}; name = Debug; };
		A00000000000000000000B02 /* Release */ = {isa = XCBuildConfiguration; buildSettings = {CLANG_ENABLE_MODULES = YES; CLANG_ENABLE_OBJC_ARC = YES; DEBUG_INFORMATION_FORMAT = "dwarf-with-dsym"; GCC_C_LANGUAGE_STANDARD = gnu17; IPHONEOS_DEPLOYMENT_TARGET = 17.0; MTL_ENABLE_DEBUG_INFO = NO; SDKROOT = iphoneos; SWIFT_COMPILATION_MODE = wholemodule; SWIFT_OPTIMIZATION_LEVEL = "-O"; VALIDATE_PRODUCT = YES;}; name = Release; };
		A00000000000000000000B03 /* Debug */ = {isa = XCBuildConfiguration; buildSettings = {ASSETCATALOG_COMPILER_APPICON_NAME = AppIcon; CODE_SIGN_STYLE = Automatic; CURRENT_PROJECT_VERSION = 1; DEVELOPMENT_TEAM = ""; GENERATE_INFOPLIST_FILE = NO; INFOPLIST_FILE = BitOS/Resources/Info.plist; MARKETING_VERSION = 0.1.0; PRODUCT_BUNDLE_IDENTIFIER = space.bitos.app; PRODUCT_NAME = "$(TARGET_NAME)"; SWIFT_EMIT_LOC_STRINGS = YES; SWIFT_STRICT_CONCURRENCY = complete; SWIFT_VERSION = 6.0; TARGETED_DEVICE_FAMILY = "1,2";}; name = Debug; };
		A00000000000000000000B04 /* Release */ = {isa = XCBuildConfiguration; buildSettings = {ASSETCATALOG_COMPILER_APPICON_NAME = AppIcon; CODE_SIGN_STYLE = Automatic; CURRENT_PROJECT_VERSION = 1; DEVELOPMENT_TEAM = ""; GENERATE_INFOPLIST_FILE = NO; INFOPLIST_FILE = BitOS/Resources/Info.plist; MARKETING_VERSION = 0.1.0; PRODUCT_BUNDLE_IDENTIFIER = space.bitos.app; PRODUCT_NAME = "$(TARGET_NAME)"; SWIFT_EMIT_LOC_STRINGS = YES; SWIFT_STRICT_CONCURRENCY = complete; SWIFT_VERSION = 6.0; TARGETED_DEVICE_FAMILY = "1,2";}; name = Release; };
		A00000000000000000000B05 /* Debug */ = {isa = XCBuildConfiguration; buildSettings = {BUNDLE_LOADER = "$(TEST_HOST)"; CODE_SIGN_STYLE = Automatic; GENERATE_INFOPLIST_FILE = YES; IPHONEOS_DEPLOYMENT_TARGET = 17.0; PRODUCT_BUNDLE_IDENTIFIER = space.bitos.app.tests; PRODUCT_NAME = "$(TARGET_NAME)"; SWIFT_STRICT_CONCURRENCY = complete; SWIFT_VERSION = 6.0; TARGETED_DEVICE_FAMILY = "1,2"; TEST_HOST = "$(BUILT_PRODUCTS_DIR)/BitOS.app/$(BUNDLE_EXECUTABLE_FOLDER_PATH)/BitOS";}; name = Debug; };
		A00000000000000000000B06 /* Release */ = {isa = XCBuildConfiguration; buildSettings = {BUNDLE_LOADER = "$(TEST_HOST)"; CODE_SIGN_STYLE = Automatic; GENERATE_INFOPLIST_FILE = YES; IPHONEOS_DEPLOYMENT_TARGET = 17.0; PRODUCT_BUNDLE_IDENTIFIER = space.bitos.app.tests; PRODUCT_NAME = "$(TARGET_NAME)"; SWIFT_STRICT_CONCURRENCY = complete; SWIFT_VERSION = 6.0; TARGETED_DEVICE_FAMILY = "1,2"; TEST_HOST = "$(BUILT_PRODUCTS_DIR)/BitOS.app/$(BUNDLE_EXECUTABLE_FOLDER_PATH)/BitOS";}; name = Release; };
/* End XCBuildConfiguration section */

/* Begin XCConfigurationList section */
		A00000000000000000000801 /* Build configuration list for PBXProject */ = {isa = XCConfigurationList; buildConfigurations = (A00000000000000000000B01, A00000000000000000000B02); defaultConfigurationIsVisible = 0; defaultConfigurationName = Release; };
		A00000000000000000000802 /* Build configuration list for BitOS */ = {isa = XCConfigurationList; buildConfigurations = (A00000000000000000000B03, A00000000000000000000B04); defaultConfigurationIsVisible = 0; defaultConfigurationName = Release; };
		A00000000000000000000803 /* Build configuration list for BitOSTests */ = {isa = XCConfigurationList; buildConfigurations = (A00000000000000000000B05, A00000000000000000000B06); defaultConfigurationIsVisible = 0; defaultConfigurationName = Release; };
/* End XCConfigurationList section */
	};
	rootObject = A00000000000000000000401 /* Project object */;
}
